
Microsoft Visual Studio Solution File, Format Version 12.00
# Visual Studio 14
VisualStudioVersion = 14.0.24720.0
MinimumVisualStudioVersion = 10.0.40219.1
Project("{FAE04EC0-301F-11D3-BF4B-00C04F79EFBC}") = "Steganography_Util", "Stegonography_Util\Steganography_Util.csproj", "{3BBD3E62-44D6-4299-A9E2-08B6458579FC}"
EndProject
Global
	GlobalSection(SolutionConfigurationPlatforms) = preSolution
		Debug|Any CPU = Debug|Any CPU
		Release|Any CPU = Release|Any CPU
	EndGlobalSection
	GlobalSection(ProjectConfigurationPlatforms) = postSolution
		{3BBD3E62-44D6-4299-A9E2-08B6458579FC}.Debug|Any CPU.ActiveCfg = Debug|Any CPU
		{3BBD3E62-44D6-4299-A9E2-08B6458579FC}.Debug|Any CPU.Build.0 = Debug|Any CPU
		{3BBD3E62-44D6-4299-A9E2-08B6458579FC}.Release|Any CPU.ActiveCfg = Release|Any CPU
		{3BBD3E62-44D6-4299-A9E2-08B6458579FC}.Release|Any CPU.Build.0 = Release|Any CPU
	EndGlobalSection
	GlobalSection(SolutionProperties) = preSolution
		HideSolutionNode = FALSE
	EndGlobalSection
EndGlobal
